
Microsoft Visual Studio Solution File, Format Version 12.00
# Visual Studio Version 17
VisualStudioVersion = 17.4.33213.308
MinimumVisualStudioVersion = 10.0.40219.1
Project("{8BC9CEB8-8B4A-11D0-8D11-00A0C91BC942}") = "LIstBaseQueue", "LIstBaseQueue.vcxproj", "{F4F0C85F-4ECA-4D71-80EB-504FF84D75D3}"
EndProject
Global
	GlobalSection(SolutionConfigurationPlatforms) = preSolution
		Debug|x64 = Debug|x64
		Debug|x86 = Debug|x86
		Release|x64 = Release|x64
		Release|x86 = Release|x86
	EndGlobalSection
	GlobalSection(ProjectConfigurationPlatforms) = postSolution
		{F4F0C85F-4ECA-4D71-80EB-504FF84D75D3}.Debug|x64.ActiveCfg = Debug|x64
		{F4F0C85F-4ECA-4D71-80EB-504FF84D75D3}.Debug|x64.Build.0 = Debug|x64
		{F4F0C85F-4ECA-4D71-80EB-504FF84D75D3}.Debug|x86.ActiveCfg = Debug|Win32
		{F4F0C85F-4ECA-4D71-80EB-504FF84D75D3}.Debug|x86.Build.0 = Debug|Win32
		{F4F0C85F-4ECA-4D71-80EB-504FF84D75D3}.Release|x64.ActiveCfg = Release|x64
		{F4F0C85F-4ECA-4D71-80EB-504FF84D75D3}.Release|x64.Build.0 = Release|x64
		{F4F0C85F-4ECA-4D71-80EB-504FF84D75D3}.Release|x86.ActiveCfg = Release|Win32
		{F4F0C85F-4ECA-4D71-80EB-504FF84D75D3}.Release|x86.Build.0 = Release|Win32
	EndGlobalSection
	GlobalSection(SolutionProperties) = preSolution
		HideSolutionNode = FALSE
	EndGlobalSection
	GlobalSection(ExtensibilityGlobals) = postSolution
		SolutionGuid = {C762DC45-2A28-4494-A01D-5713BD76E7C9}
	EndGlobalSection
EndGlobal
